
Microsoft Visual Studio Solution File, Format Version 12.00
# Visual Studio Version 17
VisualStudioVersion = 17.1.32414.318
MinimumVisualStudioVersion = 10.0.40219.1
Project("{FAE04EC0-301F-11D3-BF4B-00C04F79EFBC}") = "SEVIMLI_KITAPCILIKAPI", "SEVIMLI_KITAPCILIKAPI.csproj", "{47BF10AE-BB45-493F-9B1E-3063F7A3A0CF}"
EndProject
Global
	GlobalSection(SolutionConfigurationPlatforms) = preSolution
		Debug|Any CPU = Debug|Any CPU
		Release|Any CPU = Release|Any CPU
	EndGlobalSection
	GlobalSection(ProjectConfigurationPlatforms) = postSolution
		{47BF10AE-BB45-493F-9B1E-3063F7A3A0CF}.Debug|Any CPU.ActiveCfg = Debug|Any CPU
		{47BF10AE-BB45-493F-9B1E-3063F7A3A0CF}.Debug|Any CPU.Build.0 = Debug|Any CPU
		{47BF10AE-BB45-493F-9B1E-3063F7A3A0CF}.Release|Any CPU.ActiveCfg = Release|Any CPU
		{47BF10AE-BB45-493F-9B1E-3063F7A3A0CF}.Release|Any CPU.Build.0 = Release|Any CPU
	EndGlobalSection
	GlobalSection(SolutionProperties) = preSolution
		HideSolutionNode = FALSE
	EndGlobalSection
	GlobalSection(ExtensibilityGlobals) = postSolution
		SolutionGuid = {695BE90D-061D-4A12-9623-D79B7CAC560E}
	EndGlobalSection
EndGlobal
